
Microsoft Visual Studio Solution File, Format Version 11.00
# Visual Studio 2010
Project("{FAE04EC0-301F-11D3-BF4B-00C04F79EFBC}") = "Math", "Math\Math.csproj", "{5EF3466F-6C3B-49F5-898B-C9AA29479103}"
EndProject
Project("{FAE04EC0-301F-11D3-BF4B-00C04F79EFBC}") = "week3MathConsumer", "..\week3MathConsumer\week3MathConsumer.csproj", "{10B6406D-6FFA-4D52-90B7-2226036281E5}"
EndProject
Project("{FAE04EC0-301F-11D3-BF4B-00C04F79EFBC}") = "Week3MathWebConsumer", "..\Week3MathWebConsumer\Week3MathWebConsumer.csproj", "{456300E6-D0CA-4D13-BEF9-9AA12535BAFC}"
EndProject
Global
	GlobalSection(SolutionConfigurationPlatforms) = preSolution
		Debug|Any CPU = Debug|Any CPU
		Debug|Mixed Platforms = Debug|Mixed Platforms
		Debug|x86 = Debug|x86
		Release|Any CPU = Release|Any CPU
		Release|Mixed Platforms = Release|Mixed Platforms
		Release|x86 = Release|x86
	EndGlobalSection
	GlobalSection(ProjectConfigurationPlatforms) = postSolution
		{5EF3466F-6C3B-49F5-898B-C9AA29479103}.Debug|Any CPU.ActiveCfg = Debug|Any CPU
		{5EF3466F-6C3B-49F5-898B-C9AA29479103}.Debug|Any CPU.Build.0 = Debug|Any CPU
		{5EF3466F-6C3B-49F5-898B-C9AA29479103}.Debug|Mixed Platforms.ActiveCfg = Debug|Any CPU
		{5EF3466F-6C3B-49F5-898B-C9AA29479103}.Debug|Mixed Platforms.Build.0 = Debug|Any CPU
		{5EF3466F-6C3B-49F5-898B-C9AA29479103}.Debug|x86.ActiveCfg = Debug|Any CPU
		{5EF3466F-6C3B-49F5-898B-C9AA29479103}.Release|Any CPU.ActiveCfg = Release|Any CPU
		{5EF3466F-6C3B-49F5-898B-C9AA29479103}.Release|Any CPU.Build.0 = Release|Any CPU
		{5EF3466F-6C3B-49F5-898B-C9AA29479103}.Release|Mixed Platforms.ActiveCfg = Release|Any CPU
		{5EF3466F-6C3B-49F5-898B-C9AA29479103}.Release|Mixed Platforms.Build.0 = Release|Any CPU
		{5EF3466F-6C3B-49F5-898B-C9AA29479103}.Release|x86.ActiveCfg = Release|Any CPU
		{10B6406D-6FFA-4D52-90B7-2226036281E5}.Debug|Any CPU.ActiveCfg = Debug|x86
		{10B6406D-6FFA-4D52-90B7-2226036281E5}.Debug|Mixed Platforms.ActiveCfg = Debug|x86
		{10B6406D-6FFA-4D52-90B7-2226036281E5}.Debug|Mixed Platforms.Build.0 = Debug|x86
		{10B6406D-6FFA-4D52-90B7-2226036281E5}.Debug|x86.ActiveCfg = Debug|x86
		{10B6406D-6FFA-4D52-90B7-2226036281E5}.Debug|x86.Build.0 = Debug|x86
		{10B6406D-6FFA-4D52-90B7-2226036281E5}.Release|Any CPU.ActiveCfg = Release|x86
		{10B6406D-6FFA-4D52-90B7-2226036281E5}.Release|Mixed Platforms.ActiveCfg = Release|x86
		{10B6406D-6FFA-4D52-90B7-2226036281E5}.Release|Mixed Platforms.Build.0 = Release|x86
		{10B6406D-6FFA-4D52-90B7-2226036281E5}.Release|x86.ActiveCfg = Release|x86
		{10B6406D-6FFA-4D52-90B7-2226036281E5}.Release|x86.Build.0 = Release|x86
		{456300E6-D0CA-4D13-BEF9-9AA12535BAFC}.Debug|Any CPU.ActiveCfg = Debug|Any CPU
		{456300E6-D0CA-4D13-BEF9-9AA12535BAFC}.Debug|Any CPU.Build.0 = Debug|Any CPU
		{456300E6-D0CA-4D13-BEF9-9AA12535BAFC}.Debug|Mixed Platforms.ActiveCfg = Debug|Any CPU
		{456300E6-D0CA-4D13-BEF9-9AA12535BAFC}.Debug|Mixed Platforms.Build.0 = Debug|Any CPU
		{456300E6-D0CA-4D13-BEF9-9AA12535BAFC}.Debug|x86.ActiveCfg = Debug|Any CPU
		{456300E6-D0CA-4D13-BEF9-9AA12535BAFC}.Release|Any CPU.ActiveCfg = Release|Any CPU
		{456300E6-D0CA-4D13-BEF9-9AA12535BAFC}.Release|Any CPU.Build.0 = Release|Any CPU
		{456300E6-D0CA-4D13-BEF9-9AA12535BAFC}.Release|Mixed Platforms.ActiveCfg = Release|Any CPU
		{456300E6-D0CA-4D13-BEF9-9AA12535BAFC}.Release|Mixed Platforms.Build.0 = Release|Any CPU
		{456300E6-D0CA-4D13-BEF9-9AA12535BAFC}.Release|x86.ActiveCfg = Release|Any CPU
	EndGlobalSection
	GlobalSection(SolutionProperties) = preSolution
		HideSolutionNode = FALSE
	EndGlobalSection
EndGlobal
